
Microsoft Visual Studio Solution File, Format Version 12.00
# Visual Studio Version 16
VisualStudioVersion = 16.0.30711.63
MinimumVisualStudioVersion = 10.0.40219.1
Project("{FAE04EC0-301F-11D3-BF4B-00C04F79EFBC}") = "NamedPipeSerialProxy.Core", "src\Core\NamedPipeSerialProxy.Core.csproj", "{194CEF47-3A49-4F06-9AF1-EE08C8636A73}"
EndProject
Project("{FAE04EC0-301F-11D3-BF4B-00C04F79EFBC}") = "NamedPipeSerialProxy.UI", "src\UI\NamedPipeSerialProxy.UI.csproj", "{893F0D57-B7E9-433B-B588-ACB960FE3812}"
EndProject
Project("{FAE04EC0-301F-11D3-BF4B-00C04F79EFBC}") = "NamedPipeSerialProxy.Service", "src\Service\NamedPipeSerialProxy.Service.csproj", "{144D7239-3D38-4049-8AFC-7635779C6E17}"
EndProject
Global
	GlobalSection(SolutionConfigurationPlatforms) = preSolution
		Debug|x64 = Debug|x64
		Debug|x86 = Debug|x86
		Release|x64 = Release|x64
		Release|x86 = Release|x86
	EndGlobalSection
	GlobalSection(ProjectConfigurationPlatforms) = postSolution
		{194CEF47-3A49-4F06-9AF1-EE08C8636A73}.Debug|x64.ActiveCfg = Debug|x64
		{194CEF47-3A49-4F06-9AF1-EE08C8636A73}.Debug|x64.Build.0 = Debug|x64
		{194CEF47-3A49-4F06-9AF1-EE08C8636A73}.Debug|x86.ActiveCfg = Debug|x86
		{194CEF47-3A49-4F06-9AF1-EE08C8636A73}.Debug|x86.Build.0 = Debug|x86
		{194CEF47-3A49-4F06-9AF1-EE08C8636A73}.Release|x64.ActiveCfg = Release|x64
		{194CEF47-3A49-4F06-9AF1-EE08C8636A73}.Release|x64.Build.0 = Release|x64
		{194CEF47-3A49-4F06-9AF1-EE08C8636A73}.Release|x86.ActiveCfg = Release|x86
		{194CEF47-3A49-4F06-9AF1-EE08C8636A73}.Release|x86.Build.0 = Release|x86
		{893F0D57-B7E9-433B-B588-ACB960FE3812}.Debug|x64.ActiveCfg = Debug|x64
		{893F0D57-B7E9-433B-B588-ACB960FE3812}.Debug|x64.Build.0 = Debug|x64
		{893F0D57-B7E9-433B-B588-ACB960FE3812}.Debug|x86.ActiveCfg = Debug|x86
		{893F0D57-B7E9-433B-B588-ACB960FE3812}.Debug|x86.Build.0 = Debug|x86
		{893F0D57-B7E9-433B-B588-ACB960FE3812}.Release|x64.ActiveCfg = Release|x64
		{893F0D57-B7E9-433B-B588-ACB960FE3812}.Release|x64.Build.0 = Release|x64
		{893F0D57-B7E9-433B-B588-ACB960FE3812}.Release|x86.ActiveCfg = Release|x86
		{893F0D57-B7E9-433B-B588-ACB960FE3812}.Release|x86.Build.0 = Release|x86
		{144D7239-3D38-4049-8AFC-7635779C6E17}.Debug|x64.ActiveCfg = Debug|x64
		{144D7239-3D38-4049-8AFC-7635779C6E17}.Debug|x64.Build.0 = Debug|x64
		{144D7239-3D38-4049-8AFC-7635779C6E17}.Debug|x86.ActiveCfg = Debug|x86
		{144D7239-3D38-4049-8AFC-7635779C6E17}.Debug|x86.Build.0 = Debug|x86
		{144D7239-3D38-4049-8AFC-7635779C6E17}.Release|x64.ActiveCfg = Release|x64
		{144D7239-3D38-4049-8AFC-7635779C6E17}.Release|x64.Build.0 = Release|x64
		{144D7239-3D38-4049-8AFC-7635779C6E17}.Release|x86.ActiveCfg = Release|x86
		{144D7239-3D38-4049-8AFC-7635779C6E17}.Release|x86.Build.0 = Release|x86
	EndGlobalSection
	GlobalSection(SolutionProperties) = preSolution
		HideSolutionNode = FALSE
	EndGlobalSection
	GlobalSection(ExtensibilityGlobals) = postSolution
		SolutionGuid = {B2B8BF7C-2AF5-4097-A5B8-C350FABD4F6E}
	EndGlobalSection
EndGlobal
